
Microsoft Visual Studio Solution File, Format Version 12.00
# Visual Studio Version 17
VisualStudioVersion = 17.14.36603.0 d17.14
MinimumVisualStudioVersion = 10.0.40219.1
Project("{FAE04EC0-301F-11D3-BF4B-00C04F79EFBC}") = "Laboratorio171", "Laboratorio171\Laboratorio171.csproj", "{5D2F2323-4EC6-4396-B185-15A32E3EE571}"
EndProject
Global
	GlobalSection(SolutionConfigurationPlatforms) = preSolution
		Debug|Any CPU = Debug|Any CPU
		Release|Any CPU = Release|Any CPU
	EndGlobalSection
	GlobalSection(ProjectConfigurationPlatforms) = postSolution
		{5D2F2323-4EC6-4396-B185-15A32E3EE571}.Debug|Any CPU.ActiveCfg = Debug|Any CPU
		{5D2F2323-4EC6-4396-B185-15A32E3EE571}.Debug|Any CPU.Build.0 = Debug|Any CPU
		{5D2F2323-4EC6-4396-B185-15A32E3EE571}.Release|Any CPU.ActiveCfg = Release|Any CPU
		{5D2F2323-4EC6-4396-B185-15A32E3EE571}.Release|Any CPU.Build.0 = Release|Any CPU
	EndGlobalSection
	GlobalSection(SolutionProperties) = preSolution
		HideSolutionNode = FALSE
	EndGlobalSection
	GlobalSection(ExtensibilityGlobals) = postSolution
		SolutionGuid = {E6F8EA0A-D349-4600-B777-0271487D4F2D}
	EndGlobalSection
EndGlobal
