
Microsoft Visual Studio Solution File, Format Version 12.00
# Visual Studio Version 17
VisualStudioVersion = 17.14.36603.0 d17.14
MinimumVisualStudioVersion = 10.0.40219.1
Project("{FAE04EC0-301F-11D3-BF4B-00C04F79EFBC}") = "Laboratorio181", "Laboratorio181\Laboratorio181.csproj", "{82518F07-3841-47BC-B1B3-7B5FDC35FFCF}"
EndProject
Global
	GlobalSection(SolutionConfigurationPlatforms) = preSolution
		Debug|Any CPU = Debug|Any CPU
		Release|Any CPU = Release|Any CPU
	EndGlobalSection
	GlobalSection(ProjectConfigurationPlatforms) = postSolution
		{82518F07-3841-47BC-B1B3-7B5FDC35FFCF}.Debug|Any CPU.ActiveCfg = Debug|Any CPU
		{82518F07-3841-47BC-B1B3-7B5FDC35FFCF}.Debug|Any CPU.Build.0 = Debug|Any CPU
		{82518F07-3841-47BC-B1B3-7B5FDC35FFCF}.Release|Any CPU.ActiveCfg = Release|Any CPU
		{82518F07-3841-47BC-B1B3-7B5FDC35FFCF}.Release|Any CPU.Build.0 = Release|Any CPU
	EndGlobalSection
	GlobalSection(SolutionProperties) = preSolution
		HideSolutionNode = FALSE
	EndGlobalSection
	GlobalSection(ExtensibilityGlobals) = postSolution
		SolutionGuid = {DB71B214-1524-4283-BBFF-86EF26BF07E1}
	EndGlobalSection
EndGlobal
