
Microsoft Visual Studio Solution File, Format Version 12.00
# Visual Studio Version 17
VisualStudioVersion = 17.14.36603.0 d17.14
MinimumVisualStudioVersion = 10.0.40219.1
Project("{FAE04EC0-301F-11D3-BF4B-00C04F79EFBC}") = "Laboratorio11", "Laboratorio11\Laboratorio11.csproj", "{905D8AC3-9D16-4F4E-BF05-22DFAF2F749F}"
EndProject
Global
	GlobalSection(SolutionConfigurationPlatforms) = preSolution
		Debug|Any CPU = Debug|Any CPU
		Release|Any CPU = Release|Any CPU
	EndGlobalSection
	GlobalSection(ProjectConfigurationPlatforms) = postSolution
		{905D8AC3-9D16-4F4E-BF05-22DFAF2F749F}.Debug|Any CPU.ActiveCfg = Debug|Any CPU
		{905D8AC3-9D16-4F4E-BF05-22DFAF2F749F}.Debug|Any CPU.Build.0 = Debug|Any CPU
		{905D8AC3-9D16-4F4E-BF05-22DFAF2F749F}.Release|Any CPU.ActiveCfg = Release|Any CPU
		{905D8AC3-9D16-4F4E-BF05-22DFAF2F749F}.Release|Any CPU.Build.0 = Release|Any CPU
	EndGlobalSection
	GlobalSection(SolutionProperties) = preSolution
		HideSolutionNode = FALSE
	EndGlobalSection
	GlobalSection(ExtensibilityGlobals) = postSolution
		SolutionGuid = {DFC54B57-05B2-4939-A59A-A136BE00034E}
	EndGlobalSection
EndGlobal
