
Microsoft Visual Studio Solution File, Format Version 12.00
# Visual Studio Version 17
VisualStudioVersion = 17.14.36603.0 d17.14
MinimumVisualStudioVersion = 10.0.40219.1
Project("{FAE04EC0-301F-11D3-BF4B-00C04F79EFBC}") = "Laboratorio13", "Laboratorio13\Laboratorio13.csproj", "{84F7312C-D0CE-4416-9272-7A7FF90013AB}"
EndProject
Global
	GlobalSection(SolutionConfigurationPlatforms) = preSolution
		Debug|Any CPU = Debug|Any CPU
		Release|Any CPU = Release|Any CPU
	EndGlobalSection
	GlobalSection(ProjectConfigurationPlatforms) = postSolution
		{84F7312C-D0CE-4416-9272-7A7FF90013AB}.Debug|Any CPU.ActiveCfg = Debug|Any CPU
		{84F7312C-D0CE-4416-9272-7A7FF90013AB}.Debug|Any CPU.Build.0 = Debug|Any CPU
		{84F7312C-D0CE-4416-9272-7A7FF90013AB}.Release|Any CPU.ActiveCfg = Release|Any CPU
		{84F7312C-D0CE-4416-9272-7A7FF90013AB}.Release|Any CPU.Build.0 = Release|Any CPU
	EndGlobalSection
	GlobalSection(SolutionProperties) = preSolution
		HideSolutionNode = FALSE
	EndGlobalSection
	GlobalSection(ExtensibilityGlobals) = postSolution
		SolutionGuid = {5922B124-0EE4-4A4F-8783-653356B21237}
	EndGlobalSection
EndGlobal
